// !$*UTF8*$!
{
	archiveVersion = 1;
	classes = {
	};
	objectVersion = 46;
	objects = {

/* Begin PBXBuildFile section */
		0220B2AB19F4104A0064E9FE /* AppDelegate.swift in Sources */ = {isa = PBXBuildFile; fileRef = 0220B2AA19F4104A0064E9FE /* AppDelegate.swift */; };
		022321BF19A6959500048626 /* LICENSE in Resources */ = {isa = PBXBuildFile; fileRef = 022321BE19A6959500048626 /* LICENSE */; };
		024130DA1A05157E0062E9D3 /* AppKit.framework in Frameworks */ = {isa = PBXBuildFile; fileRef = 07B42AE619AB75DA00A6349D /* AppKit.framework */; };
		028DC13D19FBBF6200833F97 /* UploadController.swift in Sources */ = {isa = PBXBuildFile; fileRef = 028DC13C19FBBF6200833F97 /* UploadController.swift */; };
		02B00A7519CE388800F924D6 /* PreferencesManager.swift in Sources */ = {isa = PBXBuildFile; fileRef = 02B00A7419CE388800F924D6 /* PreferencesManager.swift */; };
		02B00A7719CE38AF00F924D6 /* Credits.rtf in Resources */ = {isa = PBXBuildFile; fileRef = 02B00A7619CE38AF00F924D6 /* Credits.rtf */; };
		02E0E91319A41CB200766FDB /* ScreenshotMonitor.swift in Sources */ = {isa = PBXBuildFile; fileRef = 02E0E91219A41CB200766FDB /* ScreenshotMonitor.swift */; };
		02FDC2D5194DF89D00E8CBC9 /* Images.xcassets in Resources */ = {isa = PBXBuildFile; fileRef = 02FDC2D4194DF89D00E8CBC9 /* Images.xcassets */; };
		07F6F73B19ABE6A600BDEB11 /* Upload.swift in Sources */ = {isa = PBXBuildFile; fileRef = 07F6F73A19ABE6A600BDEB11 /* Upload.swift */; };
		3C470B8F1A4F5EF10013136B /* ConfigurationWindow.xib in Resources */ = {isa = PBXBuildFile; fileRef = 3C470B8E1A4F5EF10013136B /* ConfigurationWindow.xib */; };
		3C470B911A4F5F3E0013136B /* ConfigurationWindowController.swift in Sources */ = {isa = PBXBuildFile; fileRef = 3C470B901A4F5F3E0013136B /* ConfigurationWindowController.swift */; };
		3C563BAD1B0212D70031213A /* ScreamSend.framework in Frameworks */ = {isa = PBXBuildFile; fileRef = 3C563B961B0212D70031213A /* ScreamSend.framework */; };
		3C563BAE1B0212D70031213A /* ScreamSend.framework in Embed Frameworks */ = {isa = PBXBuildFile; fileRef = 3C563B961B0212D70031213A /* ScreamSend.framework */; settings = {ATTRIBUTES = (CodeSignOnCopy, RemoveHeadersOnCopy, ); }; };
		3C563BD21B02133B0031213A /* ScreamUtils.framework in Frameworks */ = {isa = PBXBuildFile; fileRef = 3C563BBB1B02133B0031213A /* ScreamUtils.framework */; };
		3C563BD31B02133B0031213A /* ScreamUtils.framework in Embed Frameworks */ = {isa = PBXBuildFile; fileRef = 3C563BBB1B02133B0031213A /* ScreamUtils.framework */; settings = {ATTRIBUTES = (CodeSignOnCopy, RemoveHeadersOnCopy, ); }; };
		3C563BDB1B021A250031213A /* ScreamUtils.swift in Sources */ = {isa = PBXBuildFile; fileRef = 3C563BDA1B021A250031213A /* ScreamUtils.swift */; };
		3C563BDC1B025DCB0031213A /* MainMenu.xib in Resources */ = {isa = PBXBuildFile; fileRef = 02FDC2D6194DF89D00E8CBC9 /* MainMenu.xib */; };
		3C6638F91BE19CBF005D60AD /* OverlayWindow.swift in Sources */ = {isa = PBXBuildFile; fileRef = 3C6638F81BE19CBF005D60AD /* OverlayWindow.swift */; };
		3C6638FF1BE19CD3005D60AD /* SelectionView.swift in Sources */ = {isa = PBXBuildFile; fileRef = 3C6638FE1BE19CD3005D60AD /* SelectionView.swift */; };
		3C6639001BE25206005D60AD /* Just.framework in Frameworks */ = {isa = PBXBuildFile; fileRef = 3CA1080F1BCA7FC400AA92F2 /* Just.framework */; };
		3C6639011BE252A0005D60AD /* Just.framework in Embed Frameworks */ = {isa = PBXBuildFile; fileRef = 3CA1080F1BCA7FC400AA92F2 /* Just.framework */; settings = {ATTRIBUTES = (CodeSignOnCopy, RemoveHeadersOnCopy, ); }; };
		3C6639051BE65979005D60AD /* Fabric.framework in Frameworks */ = {isa = PBXBuildFile; fileRef = 3C6639031BE65978005D60AD /* Fabric.framework */; };
		3C6639061BE65979005D60AD /* Crashlytics.framework in Frameworks */ = {isa = PBXBuildFile; fileRef = 3C6639041BE65979005D60AD /* Crashlytics.framework */; };
		3C66F87D1A504A1D00C8A449 /* MenuView.swift in Sources */ = {isa = PBXBuildFile; fileRef = 3C66F87C1A504A1D00C8A449 /* MenuView.swift */; };
		3CF885161AFA9A1D00D2F353 /* LaunchServicesHelper.swift in Sources */ = {isa = PBXBuildFile; fileRef = 3CF885151AFA9A1D00D2F353 /* LaunchServicesHelper.swift */; };
/* End PBXBuildFile section */

/* Begin PBXContainerItemProxy section */
		3C563BAB1B0212D70031213A /* PBXContainerItemProxy */ = {
			isa = PBXContainerItemProxy;
			containerPortal = 02FDC2C3194DF89D00E8CBC9 /* Project object */;
			proxyType = 1;
			remoteGlobalIDString = 3C563B951B0212D70031213A;
			remoteInfo = ScreamSend;
		};
		3C563BD01B02133B0031213A /* PBXContainerItemProxy */ = {
			isa = PBXContainerItemProxy;
			containerPortal = 02FDC2C3194DF89D00E8CBC9 /* Project object */;
			proxyType = 1;
			remoteGlobalIDString = 3C563BBA1B02133B0031213A;
			remoteInfo = ScreamUtils;
		};
		3CA1080A1BCA7FC400AA92F2 /* PBXContainerItemProxy */ = {
			isa = PBXContainerItemProxy;
			containerPortal = 3CA108031BCA7FC400AA92F2 /* Just.xcodeproj */;
			proxyType = 2;
			remoteGlobalIDString = 948CA81D1AF3FF43001E0FD3;
			remoteInfo = "Just-iOS";
		};
		3CA1080C1BCA7FC400AA92F2 /* PBXContainerItemProxy */ = {
			isa = PBXContainerItemProxy;
			containerPortal = 3CA108031BCA7FC400AA92F2 /* Just.xcodeproj */;
			proxyType = 2;
			remoteGlobalIDString = 948CA8271AF3FF43001E0FD3;
			remoteInfo = "Just-iOSTests";
		};
		3CA1080E1BCA7FC400AA92F2 /* PBXContainerItemProxy */ = {
			isa = PBXContainerItemProxy;
			containerPortal = 3CA108031BCA7FC400AA92F2 /* Just.xcodeproj */;
			proxyType = 2;
			remoteGlobalIDString = 948CA83B1AF3FF55001E0FD3;
			remoteInfo = "Just-OSX";
		};
		3CA108101BCA7FC400AA92F2 /* PBXContainerItemProxy */ = {
			isa = PBXContainerItemProxy;
			containerPortal = 3CA108031BCA7FC400AA92F2 /* Just.xcodeproj */;
			proxyType = 2;
			remoteGlobalIDString = 948CA8451AF3FF55001E0FD3;
			remoteInfo = "Just-OSXTests";
		};
/* End PBXContainerItemProxy section */

/* Begin PBXCopyFilesBuildPhase section */
		3C563B901B0211A00031213A /* Embed App Extensions */ = {
			isa = PBXCopyFilesBuildPhase;
			buildActionMask = 2147483647;
			dstPath = "";
			dstSubfolderSpec = 13;
			files = (
			);
			name = "Embed App Extensions";
			runOnlyForDeploymentPostprocessing = 0;
		};
		3C563BB21B0212D70031213A /* Embed Frameworks */ = {
			isa = PBXCopyFilesBuildPhase;
			buildActionMask = 2147483647;
			dstPath = "";
			dstSubfolderSpec = 10;
			files = (
				3C6639011BE252A0005D60AD /* Just.framework in Embed Frameworks */,
				3C563BAE1B0212D70031213A /* ScreamSend.framework in Embed Frameworks */,
				3C563BD31B02133B0031213A /* ScreamUtils.framework in Embed Frameworks */,
			);
			name = "Embed Frameworks";
			runOnlyForDeploymentPostprocessing = 0;
		};
/* End PBXCopyFilesBuildPhase section */

/* Begin PBXFileReference section */
		0220B2AA19F4104A0064E9FE /* AppDelegate.swift */ = {isa = PBXFileReference; fileEncoding = 4; lastKnownFileType = sourcecode.swift; path = AppDelegate.swift; sourceTree = "<group>"; };
		022321BE19A6959500048626 /* LICENSE */ = {isa = PBXFileReference; fileEncoding = 4; lastKnownFileType = text; path = LICENSE; sourceTree = "<group>"; };
		022321C019A6F57E00048626 /* README.md */ = {isa = PBXFileReference; fileEncoding = 4; lastKnownFileType = net.daringfireball.markdown; path = README.md; sourceTree = "<group>"; };
		026E43D71A07E87300A08FC3 /* .travis.yml */ = {isa = PBXFileReference; fileEncoding = 4; lastKnownFileType = text; path = .travis.yml; sourceTree = "<group>"; };
		028DC13C19FBBF6200833F97 /* UploadController.swift */ = {isa = PBXFileReference; fileEncoding = 4; lastKnownFileType = sourcecode.swift; name = UploadController.swift; path = ../ScreamSend/UploadController.swift; sourceTree = "<group>"; };
		02B00A7419CE388800F924D6 /* PreferencesManager.swift */ = {isa = PBXFileReference; fileEncoding = 4; lastKnownFileType = sourcecode.swift; path = PreferencesManager.swift; sourceTree = "<group>"; };
		02B00A7619CE38AF00F924D6 /* Credits.rtf */ = {isa = PBXFileReference; fileEncoding = 4; lastKnownFileType = text.rtf; path = Credits.rtf; sourceTree = "<group>"; };
		02E0E91219A41CB200766FDB /* ScreenshotMonitor.swift */ = {isa = PBXFileReference; fileEncoding = 4; lastKnownFileType = sourcecode.swift; path = ScreenshotMonitor.swift; sourceTree = "<group>"; };
		02FDC2CB194DF89D00E8CBC9 /* ScreamShot.app */ = {isa = PBXFileReference; explicitFileType = wrapper.application; includeInIndex = 0; path = ScreamShot.app; sourceTree = BUILT_PRODUCTS_DIR; };
		02FDC2CF194DF89D00E8CBC9 /* Info.plist */ = {isa = PBXFileReference; lastKnownFileType = text.plist.xml; path = Info.plist; sourceTree = "<group>"; };
		02FDC2D4194DF89D00E8CBC9 /* Images.xcassets */ = {isa = PBXFileReference; lastKnownFileType = folder.assetcatalog; path = Images.xcassets; sourceTree = "<group>"; };
		02FDC2D7194DF89D00E8CBC9 /* Base */ = {isa = PBXFileReference; lastKnownFileType = file.xib; name = Base; path = Base.lproj/MainMenu.xib; sourceTree = "<group>"; };
		07B42AE619AB75DA00A6349D /* AppKit.framework */ = {isa = PBXFileReference; lastKnownFileType = wrapper.framework; name = AppKit.framework; path = System/Library/Frameworks/AppKit.framework; sourceTree = SDKROOT; };
		07F6F73A19ABE6A600BDEB11 /* Upload.swift */ = {isa = PBXFileReference; fileEncoding = 4; lastKnownFileType = sourcecode.swift; name = Upload.swift; path = ../ScreamSend/Upload.swift; sourceTree = "<group>"; };
		3C470B8E1A4F5EF10013136B /* ConfigurationWindow.xib */ = {isa = PBXFileReference; fileEncoding = 4; lastKnownFileType = file.xib; path = ConfigurationWindow.xib; sourceTree = "<group>"; };
		3C470B901A4F5F3E0013136B /* ConfigurationWindowController.swift */ = {isa = PBXFileReference; fileEncoding = 4; lastKnownFileType = sourcecode.swift; path = ConfigurationWindowController.swift; sourceTree = "<group>"; };
		3C470B941A4F73DB0013136B /* mac2imgur.entitlements */ = {isa = PBXFileReference; lastKnownFileType = text.xml; path = mac2imgur.entitlements; sourceTree = "<group>"; };
		3C534B191AA368EE00399000 /* ScreamShot.entitlements */ = {isa = PBXFileReference; lastKnownFileType = text.xml; path = ScreamShot.entitlements; sourceTree = "<group>"; };
		3C563B961B0212D70031213A /* ScreamSend.framework */ = {isa = PBXFileReference; explicitFileType = wrapper.framework; includeInIndex = 0; path = ScreamSend.framework; sourceTree = BUILT_PRODUCTS_DIR; };
		3C563B991B0212D70031213A /* Info.plist */ = {isa = PBXFileReference; lastKnownFileType = text.plist.xml; path = Info.plist; sourceTree = "<group>"; };
		3C563BBB1B02133B0031213A /* ScreamUtils.framework */ = {isa = PBXFileReference; explicitFileType = wrapper.framework; includeInIndex = 0; path = ScreamUtils.framework; sourceTree = BUILT_PRODUCTS_DIR; };
		3C563BBE1B02133B0031213A /* Info.plist */ = {isa = PBXFileReference; lastKnownFileType = text.plist.xml; path = Info.plist; sourceTree = "<group>"; };
		3C563BDA1B021A250031213A /* ScreamUtils.swift */ = {isa = PBXFileReference; fileEncoding = 4; lastKnownFileType = sourcecode.swift; path = ScreamUtils.swift; sourceTree = "<group>"; };
		3C6638F81BE19CBF005D60AD /* OverlayWindow.swift */ = {isa = PBXFileReference; fileEncoding = 4; lastKnownFileType = sourcecode.swift; path = OverlayWindow.swift; sourceTree = "<group>"; };
		3C6638FE1BE19CD3005D60AD /* SelectionView.swift */ = {isa = PBXFileReference; fileEncoding = 4; lastKnownFileType = sourcecode.swift; path = SelectionView.swift; sourceTree = "<group>"; };
		3C6639031BE65978005D60AD /* Fabric.framework */ = {isa = PBXFileReference; lastKnownFileType = wrapper.framework; path = Fabric.framework; sourceTree = SOURCE_ROOT; };
		3C6639041BE65979005D60AD /* Crashlytics.framework */ = {isa = PBXFileReference; lastKnownFileType = wrapper.framework; path = Crashlytics.framework; sourceTree = SOURCE_ROOT; };
		3C66F87C1A504A1D00C8A449 /* MenuView.swift */ = {isa = PBXFileReference; fileEncoding = 4; lastKnownFileType = sourcecode.swift; path = MenuView.swift; sourceTree = "<group>"; };
		3CA108031BCA7FC400AA92F2 /* Just.xcodeproj */ = {isa = PBXFileReference; lastKnownFileType = "wrapper.pb-project"; name = Just.xcodeproj; path = Just/Just.xcodeproj; sourceTree = "<group>"; };
		3CF885151AFA9A1D00D2F353 /* LaunchServicesHelper.swift */ = {isa = PBXFileReference; fileEncoding = 4; lastKnownFileType = sourcecode.swift; name = LaunchServicesHelper.swift; path = ../ScreamShot/LaunchServicesHelper.swift; sourceTree = "<group>"; };
/* End PBXFileReference section */

/* Begin PBXFrameworksBuildPhase section */
		02FDC2C8194DF89D00E8CBC9 /* Frameworks */ = {
			isa = PBXFrameworksBuildPhase;
			buildActionMask = 2147483647;
			files = (
				024130DA1A05157E0062E9D3 /* AppKit.framework in Frameworks */,
				3C6639051BE65979005D60AD /* Fabric.framework in Frameworks */,
				3C6639061BE65979005D60AD /* Crashlytics.framework in Frameworks */,
				3C6639001BE25206005D60AD /* Just.framework in Frameworks */,
				3C563BD21B02133B0031213A /* ScreamUtils.framework in Frameworks */,
				3C563BAD1B0212D70031213A /* ScreamSend.framework in Frameworks */,
			);
			runOnlyForDeploymentPostprocessing = 0;
		};
		3C563B921B0212D70031213A /* Frameworks */ = {
			isa = PBXFrameworksBuildPhase;
			buildActionMask = 2147483647;
			files = (
			);
			runOnlyForDeploymentPostprocessing = 0;
		};
		3C563BB71B02133B0031213A /* Frameworks */ = {
			isa = PBXFrameworksBuildPhase;
			buildActionMask = 2147483647;
			files = (
			);
			runOnlyForDeploymentPostprocessing = 0;
		};
/* End PBXFrameworksBuildPhase section */

/* Begin PBXGroup section */
		024130D71A0515440062E9D3 /* Dependencies */ = {
			isa = PBXGroup;
			children = (
				07B42AE619AB75DA00A6349D /* AppKit.framework */,
			);
			path = Dependencies;
			sourceTree = "<group>";
		};
		02FDC2C2194DF89D00E8CBC9 = {
			isa = PBXGroup;
			children = (
				3CA108031BCA7FC400AA92F2 /* Just.xcodeproj */,
				3C534B191AA368EE00399000 /* ScreamShot.entitlements */,
				024130D71A0515440062E9D3 /* Dependencies */,
				02FDC2CD194DF89D00E8CBC9 /* ScreamShot */,
				02FDC2CC194DF89D00E8CBC9 /* Products */,
				026E43D71A07E87300A08FC3 /* .travis.yml */,
				022321BE19A6959500048626 /* LICENSE */,
				022321C019A6F57E00048626 /* README.md */,
			);
			sourceTree = "<group>";
			usesTabs = 0;
		};
		02FDC2CC194DF89D00E8CBC9 /* Products */ = {
			isa = PBXGroup;
			children = (
				02FDC2CB194DF89D00E8CBC9 /* ScreamShot.app */,
				3C563B961B0212D70031213A /* ScreamSend.framework */,
				3C563BBB1B02133B0031213A /* ScreamUtils.framework */,
			);
			name = Products;
			sourceTree = "<group>";
		};
		02FDC2CD194DF89D00E8CBC9 /* ScreamShot */ = {
			isa = PBXGroup;
			children = (
				3C6639031BE65978005D60AD /* Fabric.framework */,
				3C6639041BE65979005D60AD /* Crashlytics.framework */,
				3C470B941A4F73DB0013136B /* mac2imgur.entitlements */,
				02FDC2D4194DF89D00E8CBC9 /* Images.xcassets */,
				3C563B971B0212D70031213A /* ScreamSend */,
				3C563BBC1B02133B0031213A /* ScreamUtils */,
				02FDC2D6194DF89D00E8CBC9 /* MainMenu.xib */,
				3C470B8E1A4F5EF10013136B /* ConfigurationWindow.xib */,
				3C470B901A4F5F3E0013136B /* ConfigurationWindowController.swift */,
				02FDC2CE194DF89D00E8CBC9 /* Supporting Files */,
				3C66F87C1A504A1D00C8A449 /* MenuView.swift */,
				3C6638F81BE19CBF005D60AD /* OverlayWindow.swift */,
				3C6638FE1BE19CD3005D60AD /* SelectionView.swift */,
				02B00A7419CE388800F924D6 /* PreferencesManager.swift */,
				02E0E91219A41CB200766FDB /* ScreenshotMonitor.swift */,
				0220B2AA19F4104A0064E9FE /* AppDelegate.swift */,
			);
			path = ScreamShot;
			sourceTree = "<group>";
		};
		02FDC2CE194DF89D00E8CBC9 /* Supporting Files */ = {
			isa = PBXGroup;
			children = (
				02FDC2CF194DF89D00E8CBC9 /* Info.plist */,
				02B00A7619CE38AF00F924D6 /* Credits.rtf */,
			);
			name = "Supporting Files";
			sourceTree = "<group>";
		};
		3C563B971B0212D70031213A /* ScreamSend */ = {
			isa = PBXGroup;
			children = (
				07F6F73A19ABE6A600BDEB11 /* Upload.swift */,
				028DC13C19FBBF6200833F97 /* UploadController.swift */,
				3C563B981B0212D70031213A /* Supporting Files */,
			);
			name = ScreamSend;
			path = ../ScreamSend;
			sourceTree = "<group>";
		};
		3C563B981B0212D70031213A /* Supporting Files */ = {
			isa = PBXGroup;
			children = (
				3C563B991B0212D70031213A /* Info.plist */,
			);
			name = "Supporting Files";
			sourceTree = "<group>";
		};
		3C563BBC1B02133B0031213A /* ScreamUtils */ = {
			isa = PBXGroup;
			children = (
				3CF885151AFA9A1D00D2F353 /* LaunchServicesHelper.swift */,
				3C563BDA1B021A250031213A /* ScreamUtils.swift */,
				3C563BBD1B02133B0031213A /* Supporting Files */,
			);
			name = ScreamUtils;
			path = ../ScreamUtils;
			sourceTree = "<group>";
		};
		3C563BBD1B02133B0031213A /* Supporting Files */ = {
			isa = PBXGroup;
			children = (
				3C563BBE1B02133B0031213A /* Info.plist */,
			);
			name = "Supporting Files";
			sourceTree = "<group>";
		};
		3CA108041BCA7FC400AA92F2 /* Products */ = {
			isa = PBXGroup;
			children = (
				3CA1080B1BCA7FC400AA92F2 /* Just.framework */,
				3CA1080D1BCA7FC400AA92F2 /* Just-iOSTests.xctest */,
				3CA1080F1BCA7FC400AA92F2 /* Just.framework */,
				3CA108111BCA7FC400AA92F2 /* Just-OSXTests.xctest */,
			);
			name = Products;
			sourceTree = "<group>";
		};
/* End PBXGroup section */

/* Begin PBXHeadersBuildPhase section */
		3C563B931B0212D70031213A /* Headers */ = {
			isa = PBXHeadersBuildPhase;
			buildActionMask = 2147483647;
			files = (
			);
			runOnlyForDeploymentPostprocessing = 0;
		};
		3C563BB81B02133B0031213A /* Headers */ = {
			isa = PBXHeadersBuildPhase;
			buildActionMask = 2147483647;
			files = (
			);
			runOnlyForDeploymentPostprocessing = 0;
		};
/* End PBXHeadersBuildPhase section */

/* Begin PBXNativeTarget section */
		02FDC2CA194DF89D00E8CBC9 /* ScreamShot */ = {
			isa = PBXNativeTarget;
			buildConfigurationList = 02FDC2E7194DF89D00E8CBC9 /* Build configuration list for PBXNativeTarget "ScreamShot" */;
			buildPhases = (
				02FDC2C7194DF89D00E8CBC9 /* Sources */,
				02FDC2C8194DF89D00E8CBC9 /* Frameworks */,
				02FDC2C9194DF89D00E8CBC9 /* Resources */,
				3C563B901B0211A00031213A /* Embed App Extensions */,
				3C563BB21B0212D70031213A /* Embed Frameworks */,
				3C6639021BE6594F005D60AD /* ShellScript */,
			);
			buildRules = (
			);
			dependencies = (
				3C563BAC1B0212D70031213A /* PBXTargetDependency */,
				3C563BD11B02133B0031213A /* PBXTargetDependency */,
			);
			name = ScreamShot;
			productName = mac2imgur;
			productReference = 02FDC2CB194DF89D00E8CBC9 /* ScreamShot.app */;
			productType = "com.apple.product-type.application";
		};
		3C563B951B0212D70031213A /* ScreamSend */ = {
			isa = PBXNativeTarget;
			buildConfigurationList = 3C563BAF1B0212D70031213A /* Build configuration list for PBXNativeTarget "ScreamSend" */;
			buildPhases = (
				3C563B911B0212D70031213A /* Sources */,
				3C563B921B0212D70031213A /* Frameworks */,
				3C563B931B0212D70031213A /* Headers */,
				3C563B941B0212D70031213A /* Resources */,
			);
			buildRules = (
			);
			dependencies = (
			);
			name = ScreamSend;
			productName = ScreamSend;
			productReference = 3C563B961B0212D70031213A /* ScreamSend.framework */;
			productType = "com.apple.product-type.framework";
		};
		3C563BBA1B02133B0031213A /* ScreamUtils */ = {
			isa = PBXNativeTarget;
			buildConfigurationList = 3C563BD41B02133B0031213A /* Build configuration list for PBXNativeTarget "ScreamUtils" */;
			buildPhases = (
				3C563BB61B02133B0031213A /* Sources */,
				3C563BB71B02133B0031213A /* Frameworks */,
				3C563BB81B02133B0031213A /* Headers */,
				3C563BB91B02133B0031213A /* Resources */,
			);
			buildRules = (
			);
			dependencies = (
			);
			name = ScreamUtils;
			productName = ScreamUtils;
			productReference = 3C563BBB1B02133B0031213A /* ScreamUtils.framework */;
			productType = "com.apple.product-type.framework";
		};
/* End PBXNativeTarget section */

/* Begin PBXProject section */
		02FDC2C3194DF89D00E8CBC9 /* Project object */ = {
			isa = PBXProject;
			attributes = {
				LastSwiftMigration = 0710;
				LastSwiftUpdateCheck = 0700;
				LastUpgradeCheck = 0700;
				ORGANIZATIONNAME = "";
				TargetAttributes = {
					02FDC2CA194DF89D00E8CBC9 = {
						CreatedOnToolsVersion = 6.0;
						DevelopmentTeam = YN8V4S3Q4C;
						SystemCapabilities = {
							com.apple.ApplicationGroups.Mac = {
								enabled = 0;
							};
							com.apple.Sandbox = {
								enabled = 0;
							};
						};
					};
					3C563B951B0212D70031213A = {
						CreatedOnToolsVersion = 6.3.1;
						DevelopmentTeam = YN8V4S3Q4C;
					};
					3C563BBA1B02133B0031213A = {
						CreatedOnToolsVersion = 6.3.1;
						DevelopmentTeam = YN8V4S3Q4C;
					};
				};
			};
			buildConfigurationList = 02FDC2C6194DF89D00E8CBC9 /* Build configuration list for PBXProject "ScreamShot" */;
			compatibilityVersion = "Xcode 3.2";
			developmentRegion = English;
			hasScannedForEncodings = 0;
			knownRegions = (
				en,
				Base,
			);
			mainGroup = 02FDC2C2194DF89D00E8CBC9;
			productRefGroup = 02FDC2CC194DF89D00E8CBC9 /* Products */;
			projectDirPath = "";
			projectReferences = (
				{
					ProductGroup = 3CA108041BCA7FC400AA92F2 /* Products */;
					ProjectRef = 3CA108031BCA7FC400AA92F2 /* Just.xcodeproj */;
				},
			);
			projectRoot = "";
			targets = (
				02FDC2CA194DF89D00E8CBC9 /* ScreamShot */,
				3C563B951B0212D70031213A /* ScreamSend */,
				3C563BBA1B02133B0031213A /* ScreamUtils */,
			);
		};
/* End PBXProject section */

/* Begin PBXReferenceProxy section */
		3CA1080B1BCA7FC400AA92F2 /* Just.framework */ = {
			isa = PBXReferenceProxy;
			fileType = wrapper.framework;
			path = Just.framework;
			remoteRef = 3CA1080A1BCA7FC400AA92F2 /* PBXContainerItemProxy */;
			sourceTree = BUILT_PRODUCTS_DIR;
		};
		3CA1080D1BCA7FC400AA92F2 /* Just-iOSTests.xctest */ = {
			isa = PBXReferenceProxy;
			fileType = wrapper.cfbundle;
			path = "Just-iOSTests.xctest";
			remoteRef = 3CA1080C1BCA7FC400AA92F2 /* PBXContainerItemProxy */;
			sourceTree = BUILT_PRODUCTS_DIR;
		};
		3CA1080F1BCA7FC400AA92F2 /* Just.framework */ = {
			isa = PBXReferenceProxy;
			fileType = wrapper.framework;
			path = Just.framework;
			remoteRef = 3CA1080E1BCA7FC400AA92F2 /* PBXContainerItemProxy */;
			sourceTree = BUILT_PRODUCTS_DIR;
		};
		3CA108111BCA7FC400AA92F2 /* Just-OSXTests.xctest */ = {
			isa = PBXReferenceProxy;
			fileType = wrapper.cfbundle;
			path = "Just-OSXTests.xctest";
			remoteRef = 3CA108101BCA7FC400AA92F2 /* PBXContainerItemProxy */;
			sourceTree = BUILT_PRODUCTS_DIR;
		};
/* End PBXReferenceProxy section */

/* Begin PBXResourcesBuildPhase section */
		02FDC2C9194DF89D00E8CBC9 /* Resources */ = {
			isa = PBXResourcesBuildPhase;
			buildActionMask = 2147483647;
			files = (
				3C563BDC1B025DCB0031213A /* MainMenu.xib in Resources */,
				02FDC2D5194DF89D00E8CBC9 /* Images.xcassets in Resources */,
				022321BF19A6959500048626 /* LICENSE in Resources */,
				02B00A7719CE38AF00F924D6 /* Credits.rtf in Resources */,
				3C470B8F1A4F5EF10013136B /* ConfigurationWindow.xib in Resources */,
			);
			runOnlyForDeploymentPostprocessing = 0;
		};
		3C563B941B0212D70031213A /* Resources */ = {
			isa = PBXResourcesBuildPhase;
			buildActionMask = 2147483647;
			files = (
			);
			runOnlyForDeploymentPostprocessing = 0;
		};
		3C563BB91B02133B0031213A /* Resources */ = {
			isa = PBXResourcesBuildPhase;
			buildActionMask = 2147483647;
			files = (
			);
			runOnlyForDeploymentPostprocessing = 0;
		};
/* End PBXResourcesBuildPhase section */

/* Begin PBXShellScriptBuildPhase section */
		3C6639021BE6594F005D60AD /* ShellScript */ = {
			isa = PBXShellScriptBuildPhase;
			buildActionMask = 2147483647;
			files = (
			);
			inputPaths = (
			);
			outputPaths = (
			);
			runOnlyForDeploymentPostprocessing = 0;
			shellPath = /bin/sh;
			shellScript = "./Fabric.framework/run fb5b6312aaa44bf3d746472f8ac23f01077a3cde c90d9059822a8df8ad20515e119234c302683802d9e6dc62202ce5a24d90f853";
		};
/* End PBXShellScriptBuildPhase section */

/* Begin PBXSourcesBuildPhase section */
		02FDC2C7194DF89D00E8CBC9 /* Sources */ = {
			isa = PBXSourcesBuildPhase;
			buildActionMask = 2147483647;
			files = (
				02E0E91319A41CB200766FDB /* ScreenshotMonitor.swift in Sources */,
				3CF885161AFA9A1D00D2F353 /* LaunchServicesHelper.swift in Sources */,
				3C66F87D1A504A1D00C8A449 /* MenuView.swift in Sources */,
				07F6F73B19ABE6A600BDEB11 /* Upload.swift in Sources */,
				028DC13D19FBBF6200833F97 /* UploadController.swift in Sources */,
				02B00A7519CE388800F924D6 /* PreferencesManager.swift in Sources */,
				3C470B911A4F5F3E0013136B /* ConfigurationWindowController.swift in Sources */,
				3C6638F91BE19CBF005D60AD /* OverlayWindow.swift in Sources */,
				0220B2AB19F4104A0064E9FE /* AppDelegate.swift in Sources */,
				3C6638FF1BE19CD3005D60AD /* SelectionView.swift in Sources */,
			);
			runOnlyForDeploymentPostprocessing = 0;
		};
		3C563B911B0212D70031213A /* Sources */ = {
			isa = PBXSourcesBuildPhase;
			buildActionMask = 2147483647;
			files = (
			);
			runOnlyForDeploymentPostprocessing = 0;
		};
		3C563BB61B02133B0031213A /* Sources */ = {
			isa = PBXSourcesBuildPhase;
			buildActionMask = 2147483647;
			files = (
				3C563BDB1B021A250031213A /* ScreamUtils.swift in Sources */,
			);
			runOnlyForDeploymentPostprocessing = 0;
		};
/* End PBXSourcesBuildPhase section */

/* Begin PBXTargetDependency section */
		3C563BAC1B0212D70031213A /* PBXTargetDependency */ = {
			isa = PBXTargetDependency;
			target = 3C563B951B0212D70031213A /* ScreamSend */;
			targetProxy = 3C563BAB1B0212D70031213A /* PBXContainerItemProxy */;
		};
		3C563BD11B02133B0031213A /* PBXTargetDependency */ = {
			isa = PBXTargetDependency;
			target = 3C563BBA1B02133B0031213A /* ScreamUtils */;
			targetProxy = 3C563BD01B02133B0031213A /* PBXContainerItemProxy */;
		};
/* End PBXTargetDependency section */

/* Begin PBXVariantGroup section */
		02FDC2D6194DF89D00E8CBC9 /* MainMenu.xib */ = {
			isa = PBXVariantGroup;
			children = (
				02FDC2D7194DF89D00E8CBC9 /* Base */,
			);
			name = MainMenu.xib;
			sourceTree = "<group>";
		};
/* End PBXVariantGroup section */

/* Begin XCBuildConfiguration section */
		02FDC2E5194DF89D00E8CBC9 /* Debug */ = {
			isa = XCBuildConfiguration;
			buildSettings = {
				ALWAYS_SEARCH_USER_PATHS = NO;
				CLANG_CXX_LANGUAGE_STANDARD = "gnu++0x";
				CLANG_CXX_LIBRARY = "libc++";
				CLANG_ENABLE_MODULES = YES;
				CLANG_ENABLE_OBJC_ARC = YES;
				CLANG_WARN_BOOL_CONVERSION = YES;
				CLANG_WARN_CONSTANT_CONVERSION = YES;
				CLANG_WARN_DIRECT_OBJC_ISA_USAGE = YES_ERROR;
				CLANG_WARN_EMPTY_BODY = YES;
				CLANG_WARN_ENUM_CONVERSION = YES;
				CLANG_WARN_INT_CONVERSION = YES;
				CLANG_WARN_OBJC_ROOT_CLASS = YES_ERROR;
				CLANG_WARN_UNREACHABLE_CODE = YES;
				CLANG_WARN__DUPLICATE_METHOD_MATCH = YES;
				CODE_SIGN_IDENTITY = "";
				COPY_PHASE_STRIP = NO;
				ENABLE_STRICT_OBJC_MSGSEND = YES;
				ENABLE_TESTABILITY = YES;
				GCC_C_LANGUAGE_STANDARD = gnu99;
				GCC_DYNAMIC_NO_PIC = NO;
				GCC_OPTIMIZATION_LEVEL = 0;
				GCC_PREPROCESSOR_DEFINITIONS = (
					"DEBUG=1",
					"$(inherited)",
				);
				GCC_SYMBOLS_PRIVATE_EXTERN = NO;
				GCC_WARN_64_TO_32_BIT_CONVERSION = YES;
				GCC_WARN_ABOUT_RETURN_TYPE = YES_ERROR;
				GCC_WARN_UNDECLARED_SELECTOR = YES;
				GCC_WARN_UNINITIALIZED_AUTOS = YES_AGGRESSIVE;
				GCC_WARN_UNUSED_FUNCTION = YES;
				GCC_WARN_UNUSED_VARIABLE = YES;
				MACOSX_DEPLOYMENT_TARGET = 10.10;
				METAL_ENABLE_DEBUG_INFO = YES;
				ONLY_ACTIVE_ARCH = YES;
				SDKROOT = macosx;
				SWIFT_OPTIMIZATION_LEVEL = "-Onone";
			};
			name = Debug;
		};
		02FDC2E6194DF89D00E8CBC9 /* Release */ = {
			isa = XCBuildConfiguration;
			buildSettings = {
				ALWAYS_SEARCH_USER_PATHS = NO;
				CLANG_CXX_LANGUAGE_STANDARD = "gnu++0x";
				CLANG_CXX_LIBRARY = "libc++";
				CLANG_ENABLE_MODULES = YES;
				CLANG_ENABLE_OBJC_ARC = YES;
				CLANG_WARN_BOOL_CONVERSION = YES;
				CLANG_WARN_CONSTANT_CONVERSION = YES;
				CLANG_WARN_DIRECT_OBJC_ISA_USAGE = YES_ERROR;
				CLANG_WARN_EMPTY_BODY = YES;
				CLANG_WARN_ENUM_CONVERSION = YES;
				CLANG_WARN_INT_CONVERSION = YES;
				CLANG_WARN_OBJC_ROOT_CLASS = YES_ERROR;
				CLANG_WARN_UNREACHABLE_CODE = YES;
				CLANG_WARN__DUPLICATE_METHOD_MATCH = YES;
				CODE_SIGN_IDENTITY = "";
				COPY_PHASE_STRIP = YES;
				DEBUG_INFORMATION_FORMAT = "dwarf-with-dsym";
				ENABLE_NS_ASSERTIONS = NO;
				ENABLE_STRICT_OBJC_MSGSEND = YES;
				GCC_C_LANGUAGE_STANDARD = gnu99;
				GCC_WARN_64_TO_32_BIT_CONVERSION = YES;
				GCC_WARN_ABOUT_RETURN_TYPE = YES_ERROR;
				GCC_WARN_UNDECLARED_SELECTOR = YES;
				GCC_WARN_UNINITIALIZED_AUTOS = YES_AGGRESSIVE;
				GCC_WARN_UNUSED_FUNCTION = YES;
				GCC_WARN_UNUSED_VARIABLE = YES;
				MACOSX_DEPLOYMENT_TARGET = 10.10;
				METAL_ENABLE_DEBUG_INFO = NO;
				ONLY_ACTIVE_ARCH = YES;
				SDKROOT = macosx;
			};
			name = Release;
		};
		02FDC2E8194DF89D00E8CBC9 /* Debug */ = {
			isa = XCBuildConfiguration;
			buildSettings = {
				ASSETCATALOG_COMPILER_APPICON_NAME = AppIcon;
				CODE_SIGN_ENTITLEMENTS = ScreamShot.entitlements;
				COMBINE_HIDPI_IMAGES = YES;
				FRAMEWORK_SEARCH_PATHS = (
					"$(inherited)",
					"$(PROJECT_DIR)",
				);
				INFOPLIST_FILE = ScreamShot/Info.plist;
				LD_RUNPATH_SEARCH_PATHS = "$(inherited) @executable_path/../Frameworks";
				MACOSX_DEPLOYMENT_TARGET = 10.10;
				PRODUCT_BUNDLE_IDENTIFIER = eu.popcorp.screamshot;
				PRODUCT_NAME = "$(TARGET_NAME)";
				SDKROOT = macosx;
				SWIFT_INSTALL_OBJC_HEADER = NO;
			};
			name = Debug;
		};
		02FDC2E9194DF89D00E8CBC9 /* Release */ = {
			isa = XCBuildConfiguration;
			buildSettings = {
				ASSETCATALOG_COMPILER_APPICON_NAME = AppIcon;
				CODE_SIGN_ENTITLEMENTS = ScreamShot.entitlements;
				COMBINE_HIDPI_IMAGES = YES;
				FRAMEWORK_SEARCH_PATHS = (
					"$(inherited)",
					"$(PROJECT_DIR)",
				);
				INFOPLIST_FILE = ScreamShot/Info.plist;
				LD_RUNPATH_SEARCH_PATHS = "$(inherited) @executable_path/../Frameworks";
				MACOSX_DEPLOYMENT_TARGET = 10.10;
				PRODUCT_BUNDLE_IDENTIFIER = eu.popcorp.screamshot;
				PRODUCT_NAME = "$(TARGET_NAME)";
				SDKROOT = macosx;
				SWIFT_INSTALL_OBJC_HEADER = NO;
			};
			name = Release;
		};
		3C563BB01B0212D70031213A /* Debug */ = {
			isa = XCBuildConfiguration;
			buildSettings = {
				CODE_SIGN_IDENTITY = "-";
				COMBINE_HIDPI_IMAGES = YES;
				CURRENT_PROJECT_VERSION = 1;
				DEBUG_INFORMATION_FORMAT = dwarf;
				DEFINES_MODULE = YES;
				DYLIB_COMPATIBILITY_VERSION = 1;
				DYLIB_CURRENT_VERSION = 1;
				DYLIB_INSTALL_NAME_BASE = "@rpath";
				FRAMEWORK_VERSION = A;
				GCC_NO_COMMON_BLOCKS = YES;
				GCC_PREPROCESSOR_DEFINITIONS = (
					"DEBUG=1",
					"$(inherited)",
				);
				INFOPLIST_FILE = ScreamSend/Info.plist;
				INSTALL_PATH = "$(LOCAL_LIBRARY_DIR)/Frameworks";
				LD_RUNPATH_SEARCH_PATHS = "$(inherited) @executable_path/../Frameworks @loader_path/Frameworks";
				MTL_ENABLE_DEBUG_INFO = YES;
				PRODUCT_BUNDLE_IDENTIFIER = "com.mileswd.$(PRODUCT_NAME:rfc1034identifier)";
				PRODUCT_NAME = "$(TARGET_NAME)";
				SKIP_INSTALL = YES;
				VERSIONING_SYSTEM = "apple-generic";
				VERSION_INFO_PREFIX = "";
			};
			name = Debug;
		};
		3C563BB11B0212D70031213A /* Release */ = {
			isa = XCBuildConfiguration;
			buildSettings = {
				CODE_SIGN_IDENTITY = "-";
				COMBINE_HIDPI_IMAGES = YES;
				COPY_PHASE_STRIP = NO;
				CURRENT_PROJECT_VERSION = 1;
				DEFINES_MODULE = YES;
				DYLIB_COMPATIBILITY_VERSION = 1;
				DYLIB_CURRENT_VERSION = 1;
				DYLIB_INSTALL_NAME_BASE = "@rpath";
				FRAMEWORK_VERSION = A;
				GCC_NO_COMMON_BLOCKS = YES;
				INFOPLIST_FILE = ScreamSend/Info.plist;
				INSTALL_PATH = "$(LOCAL_LIBRARY_DIR)/Frameworks";
				LD_RUNPATH_SEARCH_PATHS = "$(inherited) @executable_path/../Frameworks @loader_path/Frameworks";
				MTL_ENABLE_DEBUG_INFO = NO;
				PRODUCT_BUNDLE_IDENTIFIER = "com.mileswd.$(PRODUCT_NAME:rfc1034identifier)";
				PRODUCT_NAME = "$(TARGET_NAME)";
				SKIP_INSTALL = YES;
				VERSIONING_SYSTEM = "apple-generic";
				VERSION_INFO_PREFIX = "";
			};
			name = Release;
		};
		3C563BD51B02133B0031213A /* Debug */ = {
			isa = XCBuildConfiguration;
			buildSettings = {
				CLANG_ENABLE_MODULES = YES;
				CODE_SIGN_IDENTITY = "-";
				COMBINE_HIDPI_IMAGES = YES;
				CURRENT_PROJECT_VERSION = 1;
				DEBUG_INFORMATION_FORMAT = dwarf;
				DEFINES_MODULE = YES;
				DYLIB_COMPATIBILITY_VERSION = 1;
				DYLIB_CURRENT_VERSION = 1;
				DYLIB_INSTALL_NAME_BASE = "@rpath";
				FRAMEWORK_VERSION = A;
				GCC_NO_COMMON_BLOCKS = YES;
				GCC_PREPROCESSOR_DEFINITIONS = (
					"DEBUG=1",
					"$(inherited)",
				);
				INFOPLIST_FILE = ScreamUtils/Info.plist;
				INSTALL_PATH = "$(LOCAL_LIBRARY_DIR)/Frameworks";
				LD_RUNPATH_SEARCH_PATHS = "$(inherited) @executable_path/../Frameworks @loader_path/Frameworks";
				MTL_ENABLE_DEBUG_INFO = YES;
				PRODUCT_BUNDLE_IDENTIFIER = "com.mileswd.$(PRODUCT_NAME:rfc1034identifier)";
				PRODUCT_NAME = "$(TARGET_NAME)";
				SKIP_INSTALL = YES;
				SWIFT_OPTIMIZATION_LEVEL = "-Onone";
				VERSIONING_SYSTEM = "apple-generic";
				VERSION_INFO_PREFIX = "";
			};
			name = Debug;
		};
		3C563BD61B02133B0031213A /* Release */ = {
			isa = XCBuildConfiguration;
			buildSettings = {
				CLANG_ENABLE_MODULES = YES;
				CODE_SIGN_IDENTITY = "-";
				COMBINE_HIDPI_IMAGES = YES;
				COPY_PHASE_STRIP = NO;
				CURRENT_PROJECT_VERSION = 1;
				DEFINES_MODULE = YES;
				DYLIB_COMPATIBILITY_VERSION = 1;
				DYLIB_CURRENT_VERSION = 1;
				DYLIB_INSTALL_NAME_BASE = "@rpath";
				FRAMEWORK_VERSION = A;
				GCC_NO_COMMON_BLOCKS = YES;
				INFOPLIST_FILE = ScreamUtils/Info.plist;
				INSTALL_PATH = "$(LOCAL_LIBRARY_DIR)/Frameworks";
				LD_RUNPATH_SEARCH_PATHS = "$(inherited) @executable_path/../Frameworks @loader_path/Frameworks";
				MTL_ENABLE_DEBUG_INFO = NO;
				PRODUCT_BUNDLE_IDENTIFIER = "com.mileswd.$(PRODUCT_NAME:rfc1034identifier)";
				PRODUCT_NAME = "$(TARGET_NAME)";
				SKIP_INSTALL = YES;
				VERSIONING_SYSTEM = "apple-generic";
				VERSION_INFO_PREFIX = "";
			};
			name = Release;
		};
/* End XCBuildConfiguration section */

/* Begin XCConfigurationList section */
		02FDC2C6194DF89D00E8CBC9 /* Build configuration list for PBXProject "ScreamShot" */ = {
			isa = XCConfigurationList;
			buildConfigurations = (
				02FDC2E5194DF89D00E8CBC9 /* Debug */,
				02FDC2E6194DF89D00E8CBC9 /* Release */,
			);
			defaultConfigurationIsVisible = 0;
			defaultConfigurationName = Release;
		};
		02FDC2E7194DF89D00E8CBC9 /* Build configuration list for PBXNativeTarget "ScreamShot" */ = {
			isa = XCConfigurationList;
			buildConfigurations = (
				02FDC2E8194DF89D00E8CBC9 /* Debug */,
				02FDC2E9194DF89D00E8CBC9 /* Release */,
			);
			defaultConfigurationIsVisible = 0;
			defaultConfigurationName = Release;
		};
		3C563BAF1B0212D70031213A /* Build configuration list for PBXNativeTarget "ScreamSend" */ = {
			isa = XCConfigurationList;
			buildConfigurations = (
				3C563BB01B0212D70031213A /* Debug */,
				3C563BB11B0212D70031213A /* Release */,
			);
			defaultConfigurationIsVisible = 0;
			defaultConfigurationName = Release;
		};
		3C563BD41B02133B0031213A /* Build configuration list for PBXNativeTarget "ScreamUtils" */ = {
			isa = XCConfigurationList;
			buildConfigurations = (
				3C563BD51B02133B0031213A /* Debug */,
				3C563BD61B02133B0031213A /* Release */,
			);
			defaultConfigurationIsVisible = 0;
			defaultConfigurationName = Release;
		};
/* End XCConfigurationList section */
	};
	rootObject = 02FDC2C3194DF89D00E8CBC9 /* Project object */;
}
